
Microsoft Visual Studio Solution File, Format Version 12.00
# Visual Studio Version 16
VisualStudioVersion = 16.0.29519.181
MinimumVisualStudioVersion = 10.0.40219.1
Project("{FAE04EC0-301F-11D3-BF4B-00C04F79EFBC}") = "Iterator", "Iterator.csproj", "{B37DB5E3-D48F-43AD-9543-C8CE95B09EBE}"
EndProject
Global
	GlobalSection(SolutionConfigurationPlatforms) = preSolution
		Debug|Any CPU = Debug|Any CPU
		Release|Any CPU = Release|Any CPU
	EndGlobalSection
	GlobalSection(ProjectConfigurationPlatforms) = postSolution
		{B37DB5E3-D48F-43AD-9543-C8CE95B09EBE}.Debug|Any CPU.ActiveCfg = Debug|Any CPU
		{B37DB5E3-D48F-43AD-9543-C8CE95B09EBE}.Debug|Any CPU.Build.0 = Debug|Any CPU
		{B37DB5E3-D48F-43AD-9543-C8CE95B09EBE}.Release|Any CPU.ActiveCfg = Release|Any CPU
		{B37DB5E3-D48F-43AD-9543-C8CE95B09EBE}.Release|Any CPU.Build.0 = Release|Any CPU
	EndGlobalSection
	GlobalSection(SolutionProperties) = preSolution
		HideSolutionNode = FALSE
	EndGlobalSection
	GlobalSection(ExtensibilityGlobals) = postSolution
		SolutionGuid = {B584BCD2-8DCD-4C12-82EF-E6E228036203}
	EndGlobalSection
EndGlobal
