
Microsoft Visual Studio Solution File, Format Version 12.00
# Visual Studio Version 16
VisualStudioVersion = 16.0.29519.181
MinimumVisualStudioVersion = 10.0.40219.1
Project("{FAE04EC0-301F-11D3-BF4B-00C04F79EFBC}") = "Template", "Template.csproj", "{71035495-A92F-44BA-ABB6-F0BF500BB85A}"
EndProject
Global
	GlobalSection(SolutionConfigurationPlatforms) = preSolution
		Debug|Any CPU = Debug|Any CPU
		Release|Any CPU = Release|Any CPU
	EndGlobalSection
	GlobalSection(ProjectConfigurationPlatforms) = postSolution
		{71035495-A92F-44BA-ABB6-F0BF500BB85A}.Debug|Any CPU.ActiveCfg = Debug|Any CPU
		{71035495-A92F-44BA-ABB6-F0BF500BB85A}.Debug|Any CPU.Build.0 = Debug|Any CPU
		{71035495-A92F-44BA-ABB6-F0BF500BB85A}.Release|Any CPU.ActiveCfg = Release|Any CPU
		{71035495-A92F-44BA-ABB6-F0BF500BB85A}.Release|Any CPU.Build.0 = Release|Any CPU
	EndGlobalSection
	GlobalSection(SolutionProperties) = preSolution
		HideSolutionNode = FALSE
	EndGlobalSection
	GlobalSection(ExtensibilityGlobals) = postSolution
		SolutionGuid = {422C484F-A9BA-4F54-89D3-50E99C4DC056}
	EndGlobalSection
EndGlobal
