
Microsoft Visual Studio Solution File, Format Version 12.00
# Visual Studio Version 16
VisualStudioVersion = 16.0.29519.181
MinimumVisualStudioVersion = 10.0.40219.1
Project("{FAE04EC0-301F-11D3-BF4B-00C04F79EFBC}") = "Proxy", "Proxy.csproj", "{3623175F-B7F1-45EB-8B5B-26FB7322AA37}"
EndProject
Global
	GlobalSection(SolutionConfigurationPlatforms) = preSolution
		Debug|Any CPU = Debug|Any CPU
		Release|Any CPU = Release|Any CPU
	EndGlobalSection
	GlobalSection(ProjectConfigurationPlatforms) = postSolution
		{3623175F-B7F1-45EB-8B5B-26FB7322AA37}.Debug|Any CPU.ActiveCfg = Debug|Any CPU
		{3623175F-B7F1-45EB-8B5B-26FB7322AA37}.Debug|Any CPU.Build.0 = Debug|Any CPU
		{3623175F-B7F1-45EB-8B5B-26FB7322AA37}.Release|Any CPU.ActiveCfg = Release|Any CPU
		{3623175F-B7F1-45EB-8B5B-26FB7322AA37}.Release|Any CPU.Build.0 = Release|Any CPU
	EndGlobalSection
	GlobalSection(SolutionProperties) = preSolution
		HideSolutionNode = FALSE
	EndGlobalSection
	GlobalSection(ExtensibilityGlobals) = postSolution
		SolutionGuid = {019B4E0C-E819-42C8-8759-E9519C7672E2}
	EndGlobalSection
EndGlobal
